
Microsoft Visual Studio Solution File, Format Version 12.00
# Visual Studio Version 16
VisualStudioVersion = 25.0.1706.4
MinimumVisualStudioVersion = 10.0.40219.1
Project("{FAE04EC0-301F-11D3-BF4B-00C04F79EFBC}") = "TireShop", "TireShop\TireShop.csproj", "{0D6BE5AE-55C1-4292-BFC9-C2CA56857A98}"
EndProject
Global
	GlobalSection(SolutionConfigurationPlatforms) = preSolution
		Debug|Any CPU = Debug|Any CPU
		Release|Any CPU = Release|Any CPU
	EndGlobalSection
	GlobalSection(ProjectConfigurationPlatforms) = postSolution
		{0D6BE5AE-55C1-4292-BFC9-C2CA56857A98}.Debug|Any CPU.ActiveCfg = Debug|Any CPU
		{0D6BE5AE-55C1-4292-BFC9-C2CA56857A98}.Debug|Any CPU.Build.0 = Debug|Any CPU
		{0D6BE5AE-55C1-4292-BFC9-C2CA56857A98}.Release|Any CPU.ActiveCfg = Release|Any CPU
		{0D6BE5AE-55C1-4292-BFC9-C2CA56857A98}.Release|Any CPU.Build.0 = Release|Any CPU
	EndGlobalSection
	GlobalSection(SolutionProperties) = preSolution
		HideSolutionNode = FALSE
	EndGlobalSection
	GlobalSection(ExtensibilityGlobals) = postSolution
		SolutionGuid = {CFE89751-E3D5-48C9-9565-86D796AE3D9E}
	EndGlobalSection
EndGlobal
